{
  "name": "gen_puts",
  "version": "1.0.0",
  "lockfileVersion": 1,
  "requires": true,
  "dependencies": {
    "csv-string": {
      "version": "3.1.3",
      "resolved": "https://registry.npmjs.org/csv-string/-/csv-string-3.1.3.tgz",
      "integrity": "sha512-Tn2bzQQ8xEWPALtKz4ysdqr72hk/m14VuHG54FYm/jF+VUuL7xkNXWQdTYSlarB9P9ecnNy4rgj4dfgJINs/ZQ=="
    },
    "readline": {
      "version": "1.3.0",
      "resolved": "https://registry.npmjs.org/readline/-/readline-1.3.0.tgz",
      "integrity": "sha1-xYDXfvLPyHUrEySYBg3JeTp6wBw="
    }
  }
}
